// !$*UTF8*$!
{
	archiveVersion = 1;
	classes = {
	};
	objectVersion = 46;
	objects = {

/* Begin PBXBuildFile section */
		1B117C06381AF0B3855353EF /* Pods_SinaWebo.framework in Frameworks */ = {isa = PBXBuildFile; fileRef = 22019E3757A9FCCECEC24A46 /* Pods_SinaWebo.framework */; };
		283042341E1DF8D30075F319 /* StatusCell.swift in Sources */ = {isa = PBXBuildFile; fileRef = 283042331E1DF8D30075F319 /* StatusCell.swift */; };
		283042361E1DF9210075F319 /* StatusNormalCell.xib in Resources */ = {isa = PBXBuildFile; fileRef = 283042351E1DF9210075F319 /* StatusNormalCell.xib */; };
		2830423A1E1E27E20075F319 /* User.swift in Sources */ = {isa = PBXBuildFile; fileRef = 283042391E1E27E20075F319 /* User.swift */; };
		2830423C1E1E2C000075F319 /* StatusViewModel.swift in Sources */ = {isa = PBXBuildFile; fileRef = 2830423B1E1E2C000075F319 /* StatusViewModel.swift */; };
		283042831E1E47730075F319 /* UIImageView+WebImage.swift in Sources */ = {isa = PBXBuildFile; fileRef = 283042821E1E47730075F319 /* UIImageView+WebImage.swift */; };
		283042851E1E4B720075F319 /* Uimage+Extention.swift in Sources */ = {isa = PBXBuildFile; fileRef = 283042841E1E4B720075F319 /* Uimage+Extention.swift */; };
		283042871E1F28C10075F319 /* StatusToolBar.swift in Sources */ = {isa = PBXBuildFile; fileRef = 283042861E1F28C10075F319 /* StatusToolBar.swift */; };
		283042C91E1FA3560075F319 /* StatusPictureView.swift in Sources */ = {isa = PBXBuildFile; fileRef = 283042C81E1FA3560075F319 /* StatusPictureView.swift */; };
		2833351F1E149E04003ABD92 /* NetworkManager.swift in Sources */ = {isa = PBXBuildFile; fileRef = 2833351E1E149E04003ABD92 /* NetworkManager.swift */; };
		283335211E14BE91003ABD92 /* NetworkManager+Extention.swift in Sources */ = {isa = PBXBuildFile; fileRef = 283335201E14BE91003ABD92 /* NetworkManager+Extention.swift */; };
		283335231E14F20A003ABD92 /* Status.swift in Sources */ = {isa = PBXBuildFile; fileRef = 283335221E14F20A003ABD92 /* Status.swift */; };
		283335251E151599003ABD92 /* StatusListViewModel.swift in Sources */ = {isa = PBXBuildFile; fileRef = 283335241E151599003ABD92 /* StatusListViewModel.swift */; };
		2859AFA81E2DFB0700B19F3E /* String+Extension.swift in Sources */ = {isa = PBXBuildFile; fileRef = 2859AFA71E2DFB0700B19F3E /* String+Extension.swift */; };
		28618F721E35DAED00D3B01E /* ComposeTextView.swift in Sources */ = {isa = PBXBuildFile; fileRef = 28618F711E35DAED00D3B01E /* ComposeTextView.swift */; };
		286EDF901E10E6A200B6BD4D /* AppDelegate.swift in Sources */ = {isa = PBXBuildFile; fileRef = 286EDF8F1E10E6A200B6BD4D /* AppDelegate.swift */; };
		286EDF971E10E6A200B6BD4D /* Assets.xcassets in Resources */ = {isa = PBXBuildFile; fileRef = 286EDF961E10E6A200B6BD4D /* Assets.xcassets */; };
		286EDFA51E10E6A200B6BD4D /* SinaWeboTests.swift in Sources */ = {isa = PBXBuildFile; fileRef = 286EDFA41E10E6A200B6BD4D /* SinaWeboTests.swift */; };
		286EDFB01E10E6A200B6BD4D /* SinaWeboUITests.swift in Sources */ = {isa = PBXBuildFile; fileRef = 286EDFAF1E10E6A200B6BD4D /* SinaWeboUITests.swift */; };
		286EDFC81E10F91F00B6BD4D /* MainTabBarController.swift in Sources */ = {isa = PBXBuildFile; fileRef = 286EDFC71E10F91F00B6BD4D /* MainTabBarController.swift */; };
		286EDFCA1E10F94900B6BD4D /* MainNavViewController.swift in Sources */ = {isa = PBXBuildFile; fileRef = 286EDFC91E10F94900B6BD4D /* MainNavViewController.swift */; };
		286EDFCC1E10F97F00B6BD4D /* BaseViewController.swift in Sources */ = {isa = PBXBuildFile; fileRef = 286EDFCB1E10F97F00B6BD4D /* BaseViewController.swift */; };
		286EDFCE1E10F9BA00B6BD4D /* HomeViewController.swift in Sources */ = {isa = PBXBuildFile; fileRef = 286EDFCD1E10F9BA00B6BD4D /* HomeViewController.swift */; };
		286EDFD01E10F9E600B6BD4D /* MessageViewController.swift in Sources */ = {isa = PBXBuildFile; fileRef = 286EDFCF1E10F9E600B6BD4D /* MessageViewController.swift */; };
		286EDFD21E10F9F100B6BD4D /* DiscoverViewController.swift in Sources */ = {isa = PBXBuildFile; fileRef = 286EDFD11E10F9F100B6BD4D /* DiscoverViewController.swift */; };
		286EDFD41E10F9FE00B6BD4D /* PorfileViewController.swift in Sources */ = {isa = PBXBuildFile; fileRef = 286EDFD31E10F9FE00B6BD4D /* PorfileViewController.swift */; };
		286EDFEF1E10FABE00B6BD4D /* NSArray+Log.m in Sources */ = {isa = PBXBuildFile; fileRef = 286EDFD81E10FABE00B6BD4D /* NSArray+Log.m */; };
		286EDFF01E10FABE00B6BD4D /* NSAttributedString+CZAdditon.m in Sources */ = {isa = PBXBuildFile; fileRef = 286EDFDA1E10FABE00B6BD4D /* NSAttributedString+CZAdditon.m */; };
		286EDFF11E10FABE00B6BD4D /* NSObject+CZRuntime.m in Sources */ = {isa = PBXBuildFile; fileRef = 286EDFDC1E10FABE00B6BD4D /* NSObject+CZRuntime.m */; };
		286EDFF21E10FABE00B6BD4D /* NSString+CZBase64.m in Sources */ = {isa = PBXBuildFile; fileRef = 286EDFDE1E10FABE00B6BD4D /* NSString+CZBase64.m */; };
		286EDFF31E10FABE00B6BD4D /* NSString+CZHash.m in Sources */ = {isa = PBXBuildFile; fileRef = 286EDFE01E10FABE00B6BD4D /* NSString+CZHash.m */; };
		286EDFF41E10FABE00B6BD4D /* NSString+CZPath.m in Sources */ = {isa = PBXBuildFile; fileRef = 286EDFE21E10FABE00B6BD4D /* NSString+CZPath.m */; };
		286EDFF51E10FABE00B6BD4D /* UIButton+CZAddition.m in Sources */ = {isa = PBXBuildFile; fileRef = 286EDFE41E10FABE00B6BD4D /* UIButton+CZAddition.m */; };
		286EDFF61E10FABE00B6BD4D /* UIColor+CZAddition.m in Sources */ = {isa = PBXBuildFile; fileRef = 286EDFE61E10FABE00B6BD4D /* UIColor+CZAddition.m */; };
		286EDFF71E10FABE00B6BD4D /* UILabel+CZAddition.m in Sources */ = {isa = PBXBuildFile; fileRef = 286EDFE81E10FABE00B6BD4D /* UILabel+CZAddition.m */; };
		286EDFF81E10FABE00B6BD4D /* UIScreen+CZAddition.m in Sources */ = {isa = PBXBuildFile; fileRef = 286EDFEA1E10FABE00B6BD4D /* UIScreen+CZAddition.m */; };
		286EDFF91E10FABE00B6BD4D /* UIView+CZAddition.m in Sources */ = {isa = PBXBuildFile; fileRef = 286EDFEC1E10FABE00B6BD4D /* UIView+CZAddition.m */; };
		286EDFFA1E10FABE00B6BD4D /* UIViewController+CZAddition.m in Sources */ = {isa = PBXBuildFile; fileRef = 286EDFEE1E10FABE00B6BD4D /* UIViewController+CZAddition.m */; };
		286EDFFD1E10FF3200B6BD4D /* main.json in Resources */ = {isa = PBXBuildFile; fileRef = 286EDFFC1E10FF3200B6BD4D /* main.json */; };
		286EE0011E11005000B6BD4D /* Bundle+Extensions.swift in Sources */ = {isa = PBXBuildFile; fileRef = 286EDFFF1E11005000B6BD4D /* Bundle+Extensions.swift */; };
		286EE0021E11005000B6BD4D /* UIBarButtonItem+Extensions.swift in Sources */ = {isa = PBXBuildFile; fileRef = 286EE0001E11005000B6BD4D /* UIBarButtonItem+Extensions.swift */; };
		287A532B1E135679006E9BC7 /* VisitorView.swift in Sources */ = {isa = PBXBuildFile; fileRef = 287A532A1E135679006E9BC7 /* VisitorView.swift */; };
		2899A2151E30BBD200467D06 /* Emoticon.swift in Sources */ = {isa = PBXBuildFile; fileRef = 2899A2111E30BBD200467D06 /* Emoticon.swift */; };
		2899A2161E30BBD200467D06 /* EmoticonManager.swift in Sources */ = {isa = PBXBuildFile; fileRef = 2899A2121E30BBD200467D06 /* EmoticonManager.swift */; };
		2899A2171E30BBD200467D06 /* EmoticonPackage.swift in Sources */ = {isa = PBXBuildFile; fileRef = 2899A2131E30BBD200467D06 /* EmoticonPackage.swift */; };
		2899A2181E30BBD200467D06 /* Emoticons.bundle in Resources */ = {isa = PBXBuildFile; fileRef = 2899A2141E30BBD200467D06 /* Emoticons.bundle */; };
		289AC0071E484FB00094F299 /* EmoticonTextAttachment.swift in Sources */ = {isa = PBXBuildFile; fileRef = 289AC0061E484FB00094F299 /* EmoticonTextAttachment.swift */; };
		28A9E81D1E34514D0030124A /* TextLabel.swift in Sources */ = {isa = PBXBuildFile; fileRef = 28A9E81C1E34514D0030124A /* TextLabel.swift */; };
		28B0D9621E26396800632BE2 /* RefreshControl.swift in Sources */ = {isa = PBXBuildFile; fileRef = 28B0D9611E26396800632BE2 /* RefreshControl.swift */; };
		28B0D9641E27616700632BE2 /* RefreshView.xib in Resources */ = {isa = PBXBuildFile; fileRef = 28B0D9631E27616700632BE2 /* RefreshView.xib */; };
		28B0D9661E27655900632BE2 /* RefreshView.swift in Sources */ = {isa = PBXBuildFile; fileRef = 28B0D9651E27655900632BE2 /* RefreshView.swift */; };
		28CE51481E232B44004A1FD6 /* StatusPicture.swift in Sources */ = {isa = PBXBuildFile; fileRef = 28CE51471E232B44004A1FD6 /* StatusPicture.swift */; };
		28CE514A1E233994004A1FD6 /* Common.swift in Sources */ = {isa = PBXBuildFile; fileRef = 28CE51491E233994004A1FD6 /* Common.swift */; };
		28CE514C1E236717004A1FD6 /* StatusRetweetedCell.xib in Resources */ = {isa = PBXBuildFile; fileRef = 28CE514B1E236717004A1FD6 /* StatusRetweetedCell.xib */; };
		28D18FAF1E1B3C62009548F1 /* OAuthViewController.swift in Sources */ = {isa = PBXBuildFile; fileRef = 28D18FAE1E1B3C62009548F1 /* OAuthViewController.swift */; };
		28D18FB21E1B5817009548F1 /* UserAccount.swift in Sources */ = {isa = PBXBuildFile; fileRef = 28D18FB11E1B5817009548F1 /* UserAccount.swift */; };
		28D18FB51E1C8FD6009548F1 /* TitleButton.swift in Sources */ = {isa = PBXBuildFile; fileRef = 28D18FB41E1C8FD6009548F1 /* TitleButton.swift */; };
		28D18FB81E1CA6DE009548F1 /* WelcomeView.swift in Sources */ = {isa = PBXBuildFile; fileRef = 28D18FB71E1CA6DE009548F1 /* WelcomeView.swift */; };
		28D18FBA1E1CA6F6009548F1 /* NewFeatureView.swift in Sources */ = {isa = PBXBuildFile; fileRef = 28D18FB91E1CA6F6009548F1 /* NewFeatureView.swift */; };
		28D18FBC1E1CC3D6009548F1 /* WelcomeView.xib in Resources */ = {isa = PBXBuildFile; fileRef = 28D18FBB1E1CC3D6009548F1 /* WelcomeView.xib */; };
		28D190001E1CE0D6009548F1 /* NewFeatureView.xib in Resources */ = {isa = PBXBuildFile; fileRef = 28D18FFF1E1CE0D6009548F1 /* NewFeatureView.xib */; };
		28EC38F71E34946C002EF1CE /* WebViewController.swift in Sources */ = {isa = PBXBuildFile; fileRef = 28EC38F61E34946C002EF1CE /* WebViewController.swift */; };
		28EC38FF1E34A1CB002EF1CE /* ComposeTypeButton.swift in Sources */ = {isa = PBXBuildFile; fileRef = 28EC38FA1E34A1CB002EF1CE /* ComposeTypeButton.swift */; };
		28EC39001E34A1CB002EF1CE /* ComposeTypeButton.xib in Resources */ = {isa = PBXBuildFile; fileRef = 28EC38FB1E34A1CB002EF1CE /* ComposeTypeButton.xib */; };
		28EC39011E34A1CB002EF1CE /* ComposeTypeView.swift in Sources */ = {isa = PBXBuildFile; fileRef = 28EC38FC1E34A1CB002EF1CE /* ComposeTypeView.swift */; };
		28EC39021E34A1CB002EF1CE /* ComposeTypeView.xib in Resources */ = {isa = PBXBuildFile; fileRef = 28EC38FD1E34A1CB002EF1CE /* ComposeTypeView.xib */; };
		28EC39061E34A26A002EF1CE /* ComposeViewController.swift in Sources */ = {isa = PBXBuildFile; fileRef = 28EC39041E34A26A002EF1CE /* ComposeViewController.swift */; };
		28EC39071E34A26A002EF1CE /* ComposeViewController.xib in Resources */ = {isa = PBXBuildFile; fileRef = 28EC39051E34A26A002EF1CE /* ComposeViewController.xib */; };
		28F54F681E3855BF006BA76C /* EmoticonCell.swift in Sources */ = {isa = PBXBuildFile; fileRef = 28F54F621E3855BF006BA76C /* EmoticonCell.swift */; };
		28F54F691E3855BF006BA76C /* EmoticonCell.xib in Resources */ = {isa = PBXBuildFile; fileRef = 28F54F631E3855BF006BA76C /* EmoticonCell.xib */; };
		28F54F6A1E3855BF006BA76C /* EmoticonInputView.swift in Sources */ = {isa = PBXBuildFile; fileRef = 28F54F641E3855BF006BA76C /* EmoticonInputView.swift */; };
		28F54F6B1E3855BF006BA76C /* EmoticonInputView.xib in Resources */ = {isa = PBXBuildFile; fileRef = 28F54F651E3855BF006BA76C /* EmoticonInputView.xib */; };
		28F54F6C1E3855C0006BA76C /* EmoticonLayout.swift in Sources */ = {isa = PBXBuildFile; fileRef = 28F54F661E3855BF006BA76C /* EmoticonLayout.swift */; };
		28F54F6D1E3855C0006BA76C /* EmoticonToolBar.swift in Sources */ = {isa = PBXBuildFile; fileRef = 28F54F671E3855BF006BA76C /* EmoticonToolBar.swift */; };
/* End PBXBuildFile section */

/* Begin PBXContainerItemProxy section */
		286EDFA11E10E6A200B6BD4D /* PBXContainerItemProxy */ = {
			isa = PBXContainerItemProxy;
			containerPortal = 286EDF841E10E6A100B6BD4D /* Project object */;
			proxyType = 1;
			remoteGlobalIDString = 286EDF8B1E10E6A200B6BD4D;
			remoteInfo = SinaWebo;
		};
		286EDFAC1E10E6A200B6BD4D /* PBXContainerItemProxy */ = {
			isa = PBXContainerItemProxy;
			containerPortal = 286EDF841E10E6A100B6BD4D /* Project object */;
			proxyType = 1;
			remoteGlobalIDString = 286EDF8B1E10E6A200B6BD4D;
			remoteInfo = SinaWebo;
		};
/* End PBXContainerItemProxy section */

/* Begin PBXFileReference section */
		22019E3757A9FCCECEC24A46 /* Pods_SinaWebo.framework */ = {isa = PBXFileReference; explicitFileType = wrapper.framework; includeInIndex = 0; path = Pods_SinaWebo.framework; sourceTree = BUILT_PRODUCTS_DIR; };
		283042331E1DF8D30075F319 /* StatusCell.swift */ = {isa = PBXFileReference; fileEncoding = 4; lastKnownFileType = sourcecode.swift; path = StatusCell.swift; sourceTree = "<group>"; };
		283042351E1DF9210075F319 /* StatusNormalCell.xib */ = {isa = PBXFileReference; fileEncoding = 4; lastKnownFileType = file.xib; path = StatusNormalCell.xib; sourceTree = "<group>"; };
		283042391E1E27E20075F319 /* User.swift */ = {isa = PBXFileReference; fileEncoding = 4; lastKnownFileType = sourcecode.swift; path = User.swift; sourceTree = "<group>"; };
		2830423B1E1E2C000075F319 /* StatusViewModel.swift */ = {isa = PBXFileReference; fileEncoding = 4; lastKnownFileType = sourcecode.swift; path = StatusViewModel.swift; sourceTree = "<group>"; };
		283042821E1E47730075F319 /* UIImageView+WebImage.swift */ = {isa = PBXFileReference; fileEncoding = 4; lastKnownFileType = sourcecode.swift; path = "UIImageView+WebImage.swift"; sourceTree = "<group>"; };
		283042841E1E4B720075F319 /* Uimage+Extention.swift */ = {isa = PBXFileReference; fileEncoding = 4; lastKnownFileType = sourcecode.swift; path = "Uimage+Extention.swift"; sourceTree = "<group>"; };
		283042861E1F28C10075F319 /* StatusToolBar.swift */ = {isa = PBXFileReference; fileEncoding = 4; lastKnownFileType = sourcecode.swift; path = StatusToolBar.swift; sourceTree = "<group>"; };
		283042C81E1FA3560075F319 /* StatusPictureView.swift */ = {isa = PBXFileReference; fileEncoding = 4; lastKnownFileType = sourcecode.swift; path = StatusPictureView.swift; sourceTree = "<group>"; };
		2833351E1E149E04003ABD92 /* NetworkManager.swift */ = {isa = PBXFileReference; fileEncoding = 4; lastKnownFileType = sourcecode.swift; path = NetworkManager.swift; sourceTree = "<group>"; };
		283335201E14BE91003ABD92 /* NetworkManager+Extention.swift */ = {isa = PBXFileReference; fileEncoding = 4; lastKnownFileType = sourcecode.swift; path = "NetworkManager+Extention.swift"; sourceTree = "<group>"; };
		283335221E14F20A003ABD92 /* Status.swift */ = {isa = PBXFileReference; fileEncoding = 4; lastKnownFileType = sourcecode.swift; path = Status.swift; sourceTree = "<group>"; };
		283335241E151599003ABD92 /* StatusListViewModel.swift */ = {isa = PBXFileReference; fileEncoding = 4; lastKnownFileType = sourcecode.swift; path = StatusListViewModel.swift; sourceTree = "<group>"; };
		2859AFA71E2DFB0700B19F3E /* String+Extension.swift */ = {isa = PBXFileReference; fileEncoding = 4; lastKnownFileType = sourcecode.swift; path = "String+Extension.swift"; sourceTree = "<group>"; };
		28618F711E35DAED00D3B01E /* ComposeTextView.swift */ = {isa = PBXFileReference; fileEncoding = 4; lastKnownFileType = sourcecode.swift; path = ComposeTextView.swift; sourceTree = "<group>"; };
		286EDF8C1E10E6A200B6BD4D /* SinaWebo.app */ = {isa = PBXFileReference; explicitFileType = wrapper.application; includeInIndex = 0; path = SinaWebo.app; sourceTree = BUILT_PRODUCTS_DIR; };
		286EDF8F1E10E6A200B6BD4D /* AppDelegate.swift */ = {isa = PBXFileReference; lastKnownFileType = sourcecode.swift; path = AppDelegate.swift; sourceTree = "<group>"; };
		286EDF961E10E6A200B6BD4D /* Assets.xcassets */ = {isa = PBXFileReference; lastKnownFileType = folder.assetcatalog; path = Assets.xcassets; sourceTree = "<group>"; };
		286EDF9B1E10E6A200B6BD4D /* Info.plist */ = {isa = PBXFileReference; lastKnownFileType = text.plist.xml; path = Info.plist; sourceTree = "<group>"; };
		286EDFA01E10E6A200B6BD4D /* SinaWeboTests.xctest */ = {isa = PBXFileReference; explicitFileType = wrapper.cfbundle; includeInIndex = 0; path = SinaWeboTests.xctest; sourceTree = BUILT_PRODUCTS_DIR; };
		286EDFA41E10E6A200B6BD4D /* SinaWeboTests.swift */ = {isa = PBXFileReference; lastKnownFileType = sourcecode.swift; path = SinaWeboTests.swift; sourceTree = "<group>"; };
		286EDFA61E10E6A200B6BD4D /* Info.plist */ = {isa = PBXFileReference; lastKnownFileType = text.plist.xml; path = Info.plist; sourceTree = "<group>"; };
		286EDFAB1E10E6A200B6BD4D /* SinaWeboUITests.xctest */ = {isa = PBXFileReference; explicitFileType = wrapper.cfbundle; includeInIndex = 0; path = SinaWeboUITests.xctest; sourceTree = BUILT_PRODUCTS_DIR; };
		286EDFAF1E10E6A200B6BD4D /* SinaWeboUITests.swift */ = {isa = PBXFileReference; lastKnownFileType = sourcecode.swift; path = SinaWeboUITests.swift; sourceTree = "<group>"; };
		286EDFB11E10E6A200B6BD4D /* Info.plist */ = {isa = PBXFileReference; lastKnownFileType = text.plist.xml; path = Info.plist; sourceTree = "<group>"; };
		286EDFC71E10F91F00B6BD4D /* MainTabBarController.swift */ = {isa = PBXFileReference; fileEncoding = 4; lastKnownFileType = sourcecode.swift; path = MainTabBarController.swift; sourceTree = "<group>"; };
		286EDFC91E10F94900B6BD4D /* MainNavViewController.swift */ = {isa = PBXFileReference; fileEncoding = 4; lastKnownFileType = sourcecode.swift; path = MainNavViewController.swift; sourceTree = "<group>"; };
		286EDFCB1E10F97F00B6BD4D /* BaseViewController.swift */ = {isa = PBXFileReference; fileEncoding = 4; lastKnownFileType = sourcecode.swift; path = BaseViewController.swift; sourceTree = "<group>"; };
		286EDFCD1E10F9BA00B6BD4D /* HomeViewController.swift */ = {isa = PBXFileReference; fileEncoding = 4; lastKnownFileType = sourcecode.swift; path = HomeViewController.swift; sourceTree = "<group>"; };
		286EDFCF1E10F9E600B6BD4D /* MessageViewController.swift */ = {isa = PBXFileReference; fileEncoding = 4; lastKnownFileType = sourcecode.swift; path = MessageViewController.swift; sourceTree = "<group>"; };
		286EDFD11E10F9F100B6BD4D /* DiscoverViewController.swift */ = {isa = PBXFileReference; fileEncoding = 4; lastKnownFileType = sourcecode.swift; path = DiscoverViewController.swift; sourceTree = "<group>"; };
		286EDFD31E10F9FE00B6BD4D /* PorfileViewController.swift */ = {isa = PBXFileReference; fileEncoding = 4; lastKnownFileType = sourcecode.swift; path = PorfileViewController.swift; sourceTree = "<group>"; };
		286EDFD61E10FABE00B6BD4D /* CZAdditions.h */ = {isa = PBXFileReference; fileEncoding = 4; lastKnownFileType = sourcecode.c.h; path = CZAdditions.h; sourceTree = "<group>"; };
		286EDFD71E10FABE00B6BD4D /* NSArray+Log.h */ = {isa = PBXFileReference; fileEncoding = 4; lastKnownFileType = sourcecode.c.h; path = "NSArray+Log.h"; sourceTree = "<group>"; };
		286EDFD81E10FABE00B6BD4D /* NSArray+Log.m */ = {isa = PBXFileReference; fileEncoding = 4; lastKnownFileType = sourcecode.c.objc; path = "NSArray+Log.m"; sourceTree = "<group>"; };
		286EDFD91E10FABE00B6BD4D /* NSAttributedString+CZAdditon.h */ = {isa = PBXFileReference; fileEncoding = 4; lastKnownFileType = sourcecode.c.h; path = "NSAttributedString+CZAdditon.h"; sourceTree = "<group>"; };
		286EDFDA1E10FABE00B6BD4D /* NSAttributedString+CZAdditon.m */ = {isa = PBXFileReference; fileEncoding = 4; lastKnownFileType = sourcecode.c.objc; path = "NSAttributedString+CZAdditon.m"; sourceTree = "<group>"; };
		286EDFDB1E10FABE00B6BD4D /* NSObject+CZRuntime.h */ = {isa = PBXFileReference; fileEncoding = 4; lastKnownFileType = sourcecode.c.h; path = "NSObject+CZRuntime.h"; sourceTree = "<group>"; };
		286EDFDC1E10FABE00B6BD4D /* NSObject+CZRuntime.m */ = {isa = PBXFileReference; fileEncoding = 4; lastKnownFileType = sourcecode.c.objc; path = "NSObject+CZRuntime.m"; sourceTree = "<group>"; };
		286EDFDD1E10FABE00B6BD4D /* NSString+CZBase64.h */ = {isa = PBXFileReference; fileEncoding = 4; lastKnownFileType = sourcecode.c.h; path = "NSString+CZBase64.h"; sourceTree = "<group>"; };
		286EDFDE1E10FABE00B6BD4D /* NSString+CZBase64.m */ = {isa = PBXFileReference; fileEncoding = 4; lastKnownFileType = sourcecode.c.objc; path = "NSString+CZBase64.m"; sourceTree = "<group>"; };
		286EDFDF1E10FABE00B6BD4D /* NSString+CZHash.h */ = {isa = PBXFileReference; fileEncoding = 4; lastKnownFileType = sourcecode.c.h; path = "NSString+CZHash.h"; sourceTree = "<group>"; };
		286EDFE01E10FABE00B6BD4D /* NSString+CZHash.m */ = {isa = PBXFileReference; fileEncoding = 4; lastKnownFileType = sourcecode.c.objc; path = "NSString+CZHash.m"; sourceTree = "<group>"; };
		286EDFE11E10FABE00B6BD4D /* NSString+CZPath.h */ = {isa = PBXFileReference; fileEncoding = 4; lastKnownFileType = sourcecode.c.h; path = "NSString+CZPath.h"; sourceTree = "<group>"; };
		286EDFE21E10FABE00B6BD4D /* NSString+CZPath.m */ = {isa = PBXFileReference; fileEncoding = 4; lastKnownFileType = sourcecode.c.objc; path = "NSString+CZPath.m"; sourceTree = "<group>"; };
		286EDFE31E10FABE00B6BD4D /* UIButton+CZAddition.h */ = {isa = PBXFileReference; fileEncoding = 4; lastKnownFileType = sourcecode.c.h; path = "UIButton+CZAddition.h"; sourceTree = "<group>"; };
		286EDFE41E10FABE00B6BD4D /* UIButton+CZAddition.m */ = {isa = PBXFileReference; fileEncoding = 4; lastKnownFileType = sourcecode.c.objc; path = "UIButton+CZAddition.m"; sourceTree = "<group>"; };
		286EDFE51E10FABE00B6BD4D /* UIColor+CZAddition.h */ = {isa = PBXFileReference; fileEncoding = 4; lastKnownFileType = sourcecode.c.h; path = "UIColor+CZAddition.h"; sourceTree = "<group>"; };
		286EDFE61E10FABE00B6BD4D /* UIColor+CZAddition.m */ = {isa = PBXFileReference; fileEncoding = 4; lastKnownFileType = sourcecode.c.objc; path = "UIColor+CZAddition.m"; sourceTree = "<group>"; };
		286EDFE71E10FABE00B6BD4D /* UILabel+CZAddition.h */ = {isa = PBXFileReference; fileEncoding = 4; lastKnownFileType = sourcecode.c.h; path = "UILabel+CZAddition.h"; sourceTree = "<group>"; };
		286EDFE81E10FABE00B6BD4D /* UILabel+CZAddition.m */ = {isa = PBXFileReference; fileEncoding = 4; lastKnownFileType = sourcecode.c.objc; path = "UILabel+CZAddition.m"; sourceTree = "<group>"; };
		286EDFE91E10FABE00B6BD4D /* UIScreen+CZAddition.h */ = {isa = PBXFileReference; fileEncoding = 4; lastKnownFileType = sourcecode.c.h; path = "UIScreen+CZAddition.h"; sourceTree = "<group>"; };
		286EDFEA1E10FABE00B6BD4D /* UIScreen+CZAddition.m */ = {isa = PBXFileReference; fileEncoding = 4; lastKnownFileType = sourcecode.c.objc; path = "UIScreen+CZAddition.m"; sourceTree = "<group>"; };
		286EDFEB1E10FABE00B6BD4D /* UIView+CZAddition.h */ = {isa = PBXFileReference; fileEncoding = 4; lastKnownFileType = sourcecode.c.h; path = "UIView+CZAddition.h"; sourceTree = "<group>"; };
		286EDFEC1E10FABE00B6BD4D /* UIView+CZAddition.m */ = {isa = PBXFileReference; fileEncoding = 4; lastKnownFileType = sourcecode.c.objc; path = "UIView+CZAddition.m"; sourceTree = "<group>"; };
		286EDFED1E10FABE00B6BD4D /* UIViewController+CZAddition.h */ = {isa = PBXFileReference; fileEncoding = 4; lastKnownFileType = sourcecode.c.h; path = "UIViewController+CZAddition.h"; sourceTree = "<group>"; };
		286EDFEE1E10FABE00B6BD4D /* UIViewController+CZAddition.m */ = {isa = PBXFileReference; fileEncoding = 4; lastKnownFileType = sourcecode.c.objc; path = "UIViewController+CZAddition.m"; sourceTree = "<group>"; };
		286EDFFB1E10FB0A00B6BD4D /* Webo-Bridge.h */ = {isa = PBXFileReference; lastKnownFileType = sourcecode.c.h; path = "Webo-Bridge.h"; sourceTree = "<group>"; };
		286EDFFC1E10FF3200B6BD4D /* main.json */ = {isa = PBXFileReference; fileEncoding = 4; lastKnownFileType = text.json; path = main.json; sourceTree = "<group>"; };
		286EDFFF1E11005000B6BD4D /* Bundle+Extensions.swift */ = {isa = PBXFileReference; fileEncoding = 4; lastKnownFileType = sourcecode.swift; path = "Bundle+Extensions.swift"; sourceTree = "<group>"; };
		286EE0001E11005000B6BD4D /* UIBarButtonItem+Extensions.swift */ = {isa = PBXFileReference; fileEncoding = 4; lastKnownFileType = sourcecode.swift; path = "UIBarButtonItem+Extensions.swift"; sourceTree = "<group>"; };
		287A532A1E135679006E9BC7 /* VisitorView.swift */ = {isa = PBXFileReference; fileEncoding = 4; lastKnownFileType = sourcecode.swift; path = VisitorView.swift; sourceTree = "<group>"; };
		2899A2111E30BBD200467D06 /* Emoticon.swift */ = {isa = PBXFileReference; fileEncoding = 4; lastKnownFileType = sourcecode.swift; path = Emoticon.swift; sourceTree = "<group>"; };
		2899A2121E30BBD200467D06 /* EmoticonManager.swift */ = {isa = PBXFileReference; fileEncoding = 4; lastKnownFileType = sourcecode.swift; path = EmoticonManager.swift; sourceTree = "<group>"; };
		2899A2131E30BBD200467D06 /* EmoticonPackage.swift */ = {isa = PBXFileReference; fileEncoding = 4; lastKnownFileType = sourcecode.swift; path = EmoticonPackage.swift; sourceTree = "<group>"; };
		2899A2141E30BBD200467D06 /* Emoticons.bundle */ = {isa = PBXFileReference; lastKnownFileType = "wrapper.plug-in"; path = Emoticons.bundle; sourceTree = "<group>"; };
		289AC0061E484FB00094F299 /* EmoticonTextAttachment.swift */ = {isa = PBXFileReference; fileEncoding = 4; lastKnownFileType = sourcecode.swift; path = EmoticonTextAttachment.swift; sourceTree = "<group>"; };
		28A9E81C1E34514D0030124A /* TextLabel.swift */ = {isa = PBXFileReference; fileEncoding = 4; lastKnownFileType = sourcecode.swift; path = TextLabel.swift; sourceTree = "<group>"; };
		28B0D9611E26396800632BE2 /* RefreshControl.swift */ = {isa = PBXFileReference; fileEncoding = 4; lastKnownFileType = sourcecode.swift; path = RefreshControl.swift; sourceTree = "<group>"; };
		28B0D9631E27616700632BE2 /* RefreshView.xib */ = {isa = PBXFileReference; fileEncoding = 4; lastKnownFileType = file.xib; path = RefreshView.xib; sourceTree = "<group>"; };
		28B0D9651E27655900632BE2 /* RefreshView.swift */ = {isa = PBXFileReference; fileEncoding = 4; lastKnownFileType = sourcecode.swift; path = RefreshView.swift; sourceTree = "<group>"; };
		28CE51471E232B44004A1FD6 /* StatusPicture.swift */ = {isa = PBXFileReference; fileEncoding = 4; lastKnownFileType = sourcecode.swift; path = StatusPicture.swift; sourceTree = "<group>"; };
		28CE51491E233994004A1FD6 /* Common.swift */ = {isa = PBXFileReference; fileEncoding = 4; lastKnownFileType = sourcecode.swift; path = Common.swift; sourceTree = "<group>"; };
		28CE514B1E236717004A1FD6 /* StatusRetweetedCell.xib */ = {isa = PBXFileReference; fileEncoding = 4; lastKnownFileType = file.xib; path = StatusRetweetedCell.xib; sourceTree = "<group>"; };
		28D18FAE1E1B3C62009548F1 /* OAuthViewController.swift */ = {isa = PBXFileReference; fileEncoding = 4; lastKnownFileType = sourcecode.swift; path = OAuthViewController.swift; sourceTree = "<group>"; };
		28D18FB11E1B5817009548F1 /* UserAccount.swift */ = {isa = PBXFileReference; fileEncoding = 4; lastKnownFileType = sourcecode.swift; path = UserAccount.swift; sourceTree = "<group>"; };
		28D18FB41E1C8FD6009548F1 /* TitleButton.swift */ = {isa = PBXFileReference; fileEncoding = 4; lastKnownFileType = sourcecode.swift; path = TitleButton.swift; sourceTree = "<group>"; };
		28D18FB71E1CA6DE009548F1 /* WelcomeView.swift */ = {isa = PBXFileReference; fileEncoding = 4; lastKnownFileType = sourcecode.swift; path = WelcomeView.swift; sourceTree = "<group>"; };
		28D18FB91E1CA6F6009548F1 /* NewFeatureView.swift */ = {isa = PBXFileReference; fileEncoding = 4; lastKnownFileType = sourcecode.swift; path = NewFeatureView.swift; sourceTree = "<group>"; };
		28D18FBB1E1CC3D6009548F1 /* WelcomeView.xib */ = {isa = PBXFileReference; fileEncoding = 4; lastKnownFileType = file.xib; path = WelcomeView.xib; sourceTree = "<group>"; };
		28D18FFF1E1CE0D6009548F1 /* NewFeatureView.xib */ = {isa = PBXFileReference; fileEncoding = 4; lastKnownFileType = file.xib; path = NewFeatureView.xib; sourceTree = "<group>"; };
		28EC38F61E34946C002EF1CE /* WebViewController.swift */ = {isa = PBXFileReference; fileEncoding = 4; lastKnownFileType = sourcecode.swift; path = WebViewController.swift; sourceTree = "<group>"; };
		28EC38FA1E34A1CB002EF1CE /* ComposeTypeButton.swift */ = {isa = PBXFileReference; fileEncoding = 4; lastKnownFileType = sourcecode.swift; path = ComposeTypeButton.swift; sourceTree = "<group>"; };
		28EC38FB1E34A1CB002EF1CE /* ComposeTypeButton.xib */ = {isa = PBXFileReference; fileEncoding = 4; lastKnownFileType = file.xib; path = ComposeTypeButton.xib; sourceTree = "<group>"; };
		28EC38FC1E34A1CB002EF1CE /* ComposeTypeView.swift */ = {isa = PBXFileReference; fileEncoding = 4; lastKnownFileType = sourcecode.swift; path = ComposeTypeView.swift; sourceTree = "<group>"; };
		28EC38FD1E34A1CB002EF1CE /* ComposeTypeView.xib */ = {isa = PBXFileReference; fileEncoding = 4; lastKnownFileType = file.xib; path = ComposeTypeView.xib; sourceTree = "<group>"; };
		28EC39041E34A26A002EF1CE /* ComposeViewController.swift */ = {isa = PBXFileReference; fileEncoding = 4; lastKnownFileType = sourcecode.swift; path = ComposeViewController.swift; sourceTree = "<group>"; };
		28EC39051E34A26A002EF1CE /* ComposeViewController.xib */ = {isa = PBXFileReference; fileEncoding = 4; lastKnownFileType = file.xib; path = ComposeViewController.xib; sourceTree = "<group>"; };
		28F54F621E3855BF006BA76C /* EmoticonCell.swift */ = {isa = PBXFileReference; fileEncoding = 4; lastKnownFileType = sourcecode.swift; path = EmoticonCell.swift; sourceTree = "<group>"; };
		28F54F631E3855BF006BA76C /* EmoticonCell.xib */ = {isa = PBXFileReference; fileEncoding = 4; lastKnownFileType = file.xib; path = EmoticonCell.xib; sourceTree = "<group>"; };
		28F54F641E3855BF006BA76C /* EmoticonInputView.swift */ = {isa = PBXFileReference; fileEncoding = 4; lastKnownFileType = sourcecode.swift; path = EmoticonInputView.swift; sourceTree = "<group>"; };
		28F54F651E3855BF006BA76C /* EmoticonInputView.xib */ = {isa = PBXFileReference; fileEncoding = 4; lastKnownFileType = file.xib; path = EmoticonInputView.xib; sourceTree = "<group>"; };
		28F54F661E3855BF006BA76C /* EmoticonLayout.swift */ = {isa = PBXFileReference; fileEncoding = 4; lastKnownFileType = sourcecode.swift; path = EmoticonLayout.swift; sourceTree = "<group>"; };
		28F54F671E3855BF006BA76C /* EmoticonToolBar.swift */ = {isa = PBXFileReference; fileEncoding = 4; lastKnownFileType = sourcecode.swift; path = EmoticonToolBar.swift; sourceTree = "<group>"; };
		34EDEA84CC70A9D1A99BEE9F /* Pods-SinaWebo.debug.xcconfig */ = {isa = PBXFileReference; includeInIndex = 1; lastKnownFileType = text.xcconfig; name = "Pods-SinaWebo.debug.xcconfig"; path = "Pods/Target Support Files/Pods-SinaWebo/Pods-SinaWebo.debug.xcconfig"; sourceTree = "<group>"; };
		6C17BA3DE1E89925BD22EB12 /* Pods-SinaWebo.release.xcconfig */ = {isa = PBXFileReference; includeInIndex = 1; lastKnownFileType = text.xcconfig; name = "Pods-SinaWebo.release.xcconfig"; path = "Pods/Target Support Files/Pods-SinaWebo/Pods-SinaWebo.release.xcconfig"; sourceTree = "<group>"; };
/* End PBXFileReference section */

/* Begin PBXFrameworksBuildPhase section */
		286EDF891E10E6A200B6BD4D /* Frameworks */ = {
			isa = PBXFrameworksBuildPhase;
			buildActionMask = 2147483647;
			files = (
				1B117C06381AF0B3855353EF /* Pods_SinaWebo.framework in Frameworks */,
			);
			runOnlyForDeploymentPostprocessing = 0;
		};
		286EDF9D1E10E6A200B6BD4D /* Frameworks */ = {
			isa = PBXFrameworksBuildPhase;
			buildActionMask = 2147483647;
			files = (
			);
			runOnlyForDeploymentPostprocessing = 0;
		};
		286EDFA81E10E6A200B6BD4D /* Frameworks */ = {
			isa = PBXFrameworksBuildPhase;
			buildActionMask = 2147483647;
			files = (
			);
			runOnlyForDeploymentPostprocessing = 0;
		};
/* End PBXFrameworksBuildPhase section */

/* Begin PBXGroup section */
		283042321E1DF8620075F319 /* StatusCell */ = {
			isa = PBXGroup;
			children = (
				283042331E1DF8D30075F319 /* StatusCell.swift */,
				283042C81E1FA3560075F319 /* StatusPictureView.swift */,
				283042861E1F28C10075F319 /* StatusToolBar.swift */,
				283042351E1DF9210075F319 /* StatusNormalCell.xib */,
				28CE514B1E236717004A1FD6 /* StatusRetweetedCell.xib */,
			);
			path = StatusCell;
			sourceTree = "<group>";
		};
		2833351D1E149DDA003ABD92 /* Network */ = {
			isa = PBXGroup;
			children = (
				28D18FB01E1B57FB009548F1 /* UserInfoModel */,
				2833351E1E149E04003ABD92 /* NetworkManager.swift */,
				283335201E14BE91003ABD92 /* NetworkManager+Extention.swift */,
			);
			path = Network;
			sourceTree = "<group>";
		};
		286EDF831E10E6A100B6BD4D = {
			isa = PBXGroup;
			children = (
				286EDF8E1E10E6A200B6BD4D /* SinaWebo */,
				286EDFA31E10E6A200B6BD4D /* SinaWeboTests */,
				286EDFAE1E10E6A200B6BD4D /* SinaWeboUITests */,
				286EDF8D1E10E6A200B6BD4D /* Products */,
				5659684FD7693B9CE9DE8B8A /* Pods */,
				4BD7959147455B93D7049569 /* Frameworks */,
			);
			sourceTree = "<group>";
		};
		286EDF8D1E10E6A200B6BD4D /* Products */ = {
			isa = PBXGroup;
			children = (
				286EDF8C1E10E6A200B6BD4D /* SinaWebo.app */,
				286EDFA01E10E6A200B6BD4D /* SinaWeboTests.xctest */,
				286EDFAB1E10E6A200B6BD4D /* SinaWeboUITests.xctest */,
			);
			name = Products;
			sourceTree = "<group>";
		};
		286EDF8E1E10E6A200B6BD4D /* SinaWebo */ = {
			isa = PBXGroup;
			children = (
				286EDFBD1E10F8BC00B6BD4D /* Classes */,
				286EDF8F1E10E6A200B6BD4D /* AppDelegate.swift */,
				286EDFFB1E10FB0A00B6BD4D /* Webo-Bridge.h */,
				286EDF961E10E6A200B6BD4D /* Assets.xcassets */,
				286EDF9B1E10E6A200B6BD4D /* Info.plist */,
			);
			path = SinaWebo;
			sourceTree = "<group>";
		};
		286EDFA31E10E6A200B6BD4D /* SinaWeboTests */ = {
			isa = PBXGroup;
			children = (
				286EDFA41E10E6A200B6BD4D /* SinaWeboTests.swift */,
				286EDFA61E10E6A200B6BD4D /* Info.plist */,
			);
			path = SinaWeboTests;
			sourceTree = "<group>";
		};
		286EDFAE1E10E6A200B6BD4D /* SinaWeboUITests */ = {
			isa = PBXGroup;
			children = (
				286EDFAF1E10E6A200B6BD4D /* SinaWeboUITests.swift */,
				286EDFB11E10E6A200B6BD4D /* Info.plist */,
			);
			path = SinaWeboUITests;
			sourceTree = "<group>";
		};
		286EDFBD1E10F8BC00B6BD4D /* Classes */ = {
			isa = PBXGroup;
			children = (
				286EDFC01E10F8BC00B6BD4D /* View(视图和控制器) */,
				286EDFC61E10F8BC00B6BD4D /* ViewModel(视图模型) */,
				286EDFBE1E10F8BC00B6BD4D /* Model(模型) */,
				286EDFBF1E10F8BC00B6BD4D /* Tool(工具) */,
			);
			path = Classes;
			sourceTree = "<group>";
		};
		286EDFBE1E10F8BC00B6BD4D /* Model(模型) */ = {
			isa = PBXGroup;
			children = (
				283335221E14F20A003ABD92 /* Status.swift */,
				283042391E1E27E20075F319 /* User.swift */,
				28CE51471E232B44004A1FD6 /* StatusPicture.swift */,
			);
			path = "Model(模型)";
			sourceTree = "<group>";
		};
		286EDFBF1E10F8BC00B6BD4D /* Tool(工具) */ = {
			isa = PBXGroup;
			children = (
				28A9E8191E3451110030124A /* TextLabel */,
				2899A2101E30BBD200467D06 /* Emoticon */,
				28B0D95D1E2638E100632BE2 /* RefreshController */,
				2833351D1E149DDA003ABD92 /* Network */,
				286EDFFE1E11005000B6BD4D /* Extensions */,
				286EDFD51E10FABE00B6BD4D /* Additions */,
				28CE51491E233994004A1FD6 /* Common.swift */,
			);
			path = "Tool(工具)";
			sourceTree = "<group>";
		};
		286EDFC01E10F8BC00B6BD4D /* View(视图和控制器) */ = {
			isa = PBXGroup;
			children = (
				28EC38F81E34A1CB002EF1CE /* Compose */,
				286EDFC31E10F8BC00B6BD4D /* Main */,
				286EDFC21E10F8BC00B6BD4D /* Home */,
				286EDFC41E10F8BC00B6BD4D /* Message */,
				286EDFC11E10F8BC00B6BD4D /* Discover */,
				286EDFC51E10F8BC00B6BD4D /* Porfile */,
			);
			path = "View(视图和控制器)";
			sourceTree = "<group>";
		};
		286EDFC11E10F8BC00B6BD4D /* Discover */ = {
			isa = PBXGroup;
			children = (
				286EDFD11E10F9F100B6BD4D /* DiscoverViewController.swift */,
			);
			path = Discover;
			sourceTree = "<group>";
		};
		286EDFC21E10F8BC00B6BD4D /* Home */ = {
			isa = PBXGroup;
			children = (
				283042321E1DF8620075F319 /* StatusCell */,
				28D18FB31E1C8FB2009548F1 /* TitleButton */,
				286EDFCD1E10F9BA00B6BD4D /* HomeViewController.swift */,
				28EC38F61E34946C002EF1CE /* WebViewController.swift */,
			);
			path = Home;
			sourceTree = "<group>";
		};
		286EDFC31E10F8BC00B6BD4D /* Main */ = {
			isa = PBXGroup;
			children = (
				28CC1D901E125C3F005578EE /* 主控制器 */,
				28D18FB61E1CA6B7009548F1 /* NewFeature */,
				287A53291E135622006E9BC7 /* VisitorView */,
				28D18FAD1E1B3C39009548F1 /* OAuth */,
				286EDFCB1E10F97F00B6BD4D /* BaseViewController.swift */,
			);
			path = Main;
			sourceTree = "<group>";
		};
		286EDFC41E10F8BC00B6BD4D /* Message */ = {
			isa = PBXGroup;
			children = (
				286EDFCF1E10F9E600B6BD4D /* MessageViewController.swift */,
			);
			path = Message;
			sourceTree = "<group>";
		};
		286EDFC51E10F8BC00B6BD4D /* Porfile */ = {
			isa = PBXGroup;
			children = (
				286EDFD31E10F9FE00B6BD4D /* PorfileViewController.swift */,
			);
			path = Porfile;
			sourceTree = "<group>";
		};
		286EDFC61E10F8BC00B6BD4D /* ViewModel(视图模型) */ = {
			isa = PBXGroup;
			children = (
				283335241E151599003ABD92 /* StatusListViewModel.swift */,
				2830423B1E1E2C000075F319 /* StatusViewModel.swift */,
			);
			path = "ViewModel(视图模型)";
			sourceTree = "<group>";
		};
		286EDFD51E10FABE00B6BD4D /* Additions */ = {
			isa = PBXGroup;
			children = (
				286EDFD61E10FABE00B6BD4D /* CZAdditions.h */,
				286EDFD71E10FABE00B6BD4D /* NSArray+Log.h */,
				286EDFD81E10FABE00B6BD4D /* NSArray+Log.m */,
				286EDFD91E10FABE00B6BD4D /* NSAttributedString+CZAdditon.h */,
				286EDFDA1E10FABE00B6BD4D /* NSAttributedString+CZAdditon.m */,
				286EDFDB1E10FABE00B6BD4D /* NSObject+CZRuntime.h */,
				286EDFDC1E10FABE00B6BD4D /* NSObject+CZRuntime.m */,
				286EDFDD1E10FABE00B6BD4D /* NSString+CZBase64.h */,
				286EDFDE1E10FABE00B6BD4D /* NSString+CZBase64.m */,
				286EDFDF1E10FABE00B6BD4D /* NSString+CZHash.h */,
				286EDFE01E10FABE00B6BD4D /* NSString+CZHash.m */,
				286EDFE11E10FABE00B6BD4D /* NSString+CZPath.h */,
				286EDFE21E10FABE00B6BD4D /* NSString+CZPath.m */,
				286EDFE31E10FABE00B6BD4D /* UIButton+CZAddition.h */,
				286EDFE41E10FABE00B6BD4D /* UIButton+CZAddition.m */,
				286EDFE51E10FABE00B6BD4D /* UIColor+CZAddition.h */,
				286EDFE61E10FABE00B6BD4D /* UIColor+CZAddition.m */,
				286EDFE71E10FABE00B6BD4D /* UILabel+CZAddition.h */,
				286EDFE81E10FABE00B6BD4D /* UILabel+CZAddition.m */,
				286EDFE91E10FABE00B6BD4D /* UIScreen+CZAddition.h */,
				286EDFEA1E10FABE00B6BD4D /* UIScreen+CZAddition.m */,
				286EDFEB1E10FABE00B6BD4D /* UIView+CZAddition.h */,
				286EDFEC1E10FABE00B6BD4D /* UIView+CZAddition.m */,
				286EDFED1E10FABE00B6BD4D /* UIViewController+CZAddition.h */,
				286EDFEE1E10FABE00B6BD4D /* UIViewController+CZAddition.m */,
			);
			path = Additions;
			sourceTree = "<group>";
		};
		286EDFFE1E11005000B6BD4D /* Extensions */ = {
			isa = PBXGroup;
			children = (
				2859AFA71E2DFB0700B19F3E /* String+Extension.swift */,
				286EDFFF1E11005000B6BD4D /* Bundle+Extensions.swift */,
				286EE0001E11005000B6BD4D /* UIBarButtonItem+Extensions.swift */,
				283042821E1E47730075F319 /* UIImageView+WebImage.swift */,
				283042841E1E4B720075F319 /* Uimage+Extention.swift */,
			);
			path = Extensions;
			sourceTree = "<group>";
		};
		287A53291E135622006E9BC7 /* VisitorView */ = {
			isa = PBXGroup;
			children = (
				287A532A1E135679006E9BC7 /* VisitorView.swift */,
			);
			path = VisitorView;
			sourceTree = "<group>";
		};
		2899A2101E30BBD200467D06 /* Emoticon */ = {
			isa = PBXGroup;
			children = (
				28F54F611E3855BF006BA76C /* View */,
				2899A2121E30BBD200467D06 /* EmoticonManager.swift */,
				2899A2131E30BBD200467D06 /* EmoticonPackage.swift */,
				2899A2111E30BBD200467D06 /* Emoticon.swift */,
				289AC0061E484FB00094F299 /* EmoticonTextAttachment.swift */,
				2899A2141E30BBD200467D06 /* Emoticons.bundle */,
			);
			path = Emoticon;
			sourceTree = "<group>";
		};
		28A9E8191E3451110030124A /* TextLabel */ = {
			isa = PBXGroup;
			children = (
				28A9E81C1E34514D0030124A /* TextLabel.swift */,
			);
			path = TextLabel;
			sourceTree = "<group>";
		};
		28B0D95D1E2638E100632BE2 /* RefreshController */ = {
			isa = PBXGroup;
			children = (
				28B0D9611E26396800632BE2 /* RefreshControl.swift */,
				28B0D9651E27655900632BE2 /* RefreshView.swift */,
				28B0D9631E27616700632BE2 /* RefreshView.xib */,
			);
			path = RefreshController;
			sourceTree = "<group>";
		};
		28CC1D901E125C3F005578EE /* 主控制器 */ = {
			isa = PBXGroup;
			children = (
				286EDFC71E10F91F00B6BD4D /* MainTabBarController.swift */,
				286EDFC91E10F94900B6BD4D /* MainNavViewController.swift */,
				286EDFFC1E10FF3200B6BD4D /* main.json */,
			);
			name = "主控制器";
			sourceTree = "<group>";
		};
		28D18FAD1E1B3C39009548F1 /* OAuth */ = {
			isa = PBXGroup;
			children = (
				28D18FAE1E1B3C62009548F1 /* OAuthViewController.swift */,
			);
			path = OAuth;
			sourceTree = "<group>";
		};
		28D18FB01E1B57FB009548F1 /* UserInfoModel */ = {
			isa = PBXGroup;
			children = (
				28D18FB11E1B5817009548F1 /* UserAccount.swift */,
			);
			path = UserInfoModel;
			sourceTree = "<group>";
		};
		28D18FB31E1C8FB2009548F1 /* TitleButton */ = {
			isa = PBXGroup;
			children = (
				28D18FB41E1C8FD6009548F1 /* TitleButton.swift */,
			);
			path = TitleButton;
			sourceTree = "<group>";
		};
		28D18FB61E1CA6B7009548F1 /* NewFeature */ = {
			isa = PBXGroup;
			children = (
				28D18FB71E1CA6DE009548F1 /* WelcomeView.swift */,
				28D18FBB1E1CC3D6009548F1 /* WelcomeView.xib */,
				28D18FB91E1CA6F6009548F1 /* NewFeatureView.swift */,
				28D18FFF1E1CE0D6009548F1 /* NewFeatureView.xib */,
			);
			path = NewFeature;
			sourceTree = "<group>";
		};
		28EC38F81E34A1CB002EF1CE /* Compose */ = {
			isa = PBXGroup;
			children = (
				28EC38F91E34A1CB002EF1CE /* ComposeView */,
				28EC39041E34A26A002EF1CE /* ComposeViewController.swift */,
				28EC39051E34A26A002EF1CE /* ComposeViewController.xib */,
			);
			path = Compose;
			sourceTree = "<group>";
		};
		28EC38F91E34A1CB002EF1CE /* ComposeView */ = {
			isa = PBXGroup;
			children = (
				28EC38FC1E34A1CB002EF1CE /* ComposeTypeView.swift */,
				28EC38FD1E34A1CB002EF1CE /* ComposeTypeView.xib */,
				28EC38FA1E34A1CB002EF1CE /* ComposeTypeButton.swift */,
				28EC38FB1E34A1CB002EF1CE /* ComposeTypeButton.xib */,
				28618F711E35DAED00D3B01E /* ComposeTextView.swift */,
			);
			path = ComposeView;
			sourceTree = "<group>";
		};
		28F54F611E3855BF006BA76C /* View */ = {
			isa = PBXGroup;
			children = (
				28F54F641E3855BF006BA76C /* EmoticonInputView.swift */,
				28F54F651E3855BF006BA76C /* EmoticonInputView.xib */,
				28F54F671E3855BF006BA76C /* EmoticonToolBar.swift */,
				28F54F621E3855BF006BA76C /* EmoticonCell.swift */,
				28F54F631E3855BF006BA76C /* EmoticonCell.xib */,
				28F54F661E3855BF006BA76C /* EmoticonLayout.swift */,
			);
			path = View;
			sourceTree = "<group>";
		};
		4BD7959147455B93D7049569 /* Frameworks */ = {
			isa = PBXGroup;
			children = (
				22019E3757A9FCCECEC24A46 /* Pods_SinaWebo.framework */,
			);
			name = Frameworks;
			sourceTree = "<group>";
		};
		5659684FD7693B9CE9DE8B8A /* Pods */ = {
			isa = PBXGroup;
			children = (
				34EDEA84CC70A9D1A99BEE9F /* Pods-SinaWebo.debug.xcconfig */,
				6C17BA3DE1E89925BD22EB12 /* Pods-SinaWebo.release.xcconfig */,
			);
			name = Pods;
			sourceTree = "<group>";
		};
/* End PBXGroup section */

/* Begin PBXNativeTarget section */
		286EDF8B1E10E6A200B6BD4D /* SinaWebo */ = {
			isa = PBXNativeTarget;
			buildConfigurationList = 286EDFB41E10E6A200B6BD4D /* Build configuration list for PBXNativeTarget "SinaWebo" */;
			buildPhases = (
				6B7A7812DE86D7BDCA6AF5E7 /* [CP] Check Pods Manifest.lock */,
				286EDF881E10E6A200B6BD4D /* Sources */,
				286EDF891E10E6A200B6BD4D /* Frameworks */,
				286EDF8A1E10E6A200B6BD4D /* Resources */,
				263B9F910BA5F3AD2E788E15 /* [CP] Embed Pods Frameworks */,
				096CB986F56F1E2518BD8FE1 /* [CP] Copy Pods Resources */,
			);
			buildRules = (
			);
			dependencies = (
			);
			name = SinaWebo;
			productName = SinaWebo;
			productReference = 286EDF8C1E10E6A200B6BD4D /* SinaWebo.app */;
			productType = "com.apple.product-type.application";
		};
		286EDF9F1E10E6A200B6BD4D /* SinaWeboTests */ = {
			isa = PBXNativeTarget;
			buildConfigurationList = 286EDFB71E10E6A200B6BD4D /* Build configuration list for PBXNativeTarget "SinaWeboTests" */;
			buildPhases = (
				286EDF9C1E10E6A200B6BD4D /* Sources */,
				286EDF9D1E10E6A200B6BD4D /* Frameworks */,
				286EDF9E1E10E6A200B6BD4D /* Resources */,
			);
			buildRules = (
			);
			dependencies = (
				286EDFA21E10E6A200B6BD4D /* PBXTargetDependency */,
			);
			name = SinaWeboTests;
			productName = SinaWeboTests;
			productReference = 286EDFA01E10E6A200B6BD4D /* SinaWeboTests.xctest */;
			productType = "com.apple.product-type.bundle.unit-test";
		};
		286EDFAA1E10E6A200B6BD4D /* SinaWeboUITests */ = {
			isa = PBXNativeTarget;
			buildConfigurationList = 286EDFBA1E10E6A200B6BD4D /* Build configuration list for PBXNativeTarget "SinaWeboUITests" */;
			buildPhases = (
				286EDFA71E10E6A200B6BD4D /* Sources */,
				286EDFA81E10E6A200B6BD4D /* Frameworks */,
				286EDFA91E10E6A200B6BD4D /* Resources */,
			);
			buildRules = (
			);
			dependencies = (
				286EDFAD1E10E6A200B6BD4D /* PBXTargetDependency */,
			);
			name = SinaWeboUITests;
			productName = SinaWeboUITests;
			productReference = 286EDFAB1E10E6A200B6BD4D /* SinaWeboUITests.xctest */;
			productType = "com.apple.product-type.bundle.ui-testing";
		};
/* End PBXNativeTarget section */

/* Begin PBXProject section */
		286EDF841E10E6A100B6BD4D /* Project object */ = {
			isa = PBXProject;
			attributes = {
				LastSwiftUpdateCheck = 0810;
				LastUpgradeCheck = 0810;
				ORGANIZATIONNAME = Hearsay;
				TargetAttributes = {
					286EDF8B1E10E6A200B6BD4D = {
						CreatedOnToolsVersion = 8.1;
						DevelopmentTeam = Q4KADKZ3FA;
						ProvisioningStyle = Automatic;
					};
					286EDF9F1E10E6A200B6BD4D = {
						CreatedOnToolsVersion = 8.1;
						ProvisioningStyle = Automatic;
						TestTargetID = 286EDF8B1E10E6A200B6BD4D;
					};
					286EDFAA1E10E6A200B6BD4D = {
						CreatedOnToolsVersion = 8.1;
						ProvisioningStyle = Automatic;
						TestTargetID = 286EDF8B1E10E6A200B6BD4D;
					};
				};
			};
			buildConfigurationList = 286EDF871E10E6A100B6BD4D /* Build configuration list for PBXProject "SinaWebo" */;
			compatibilityVersion = "Xcode 3.2";
			developmentRegion = English;
			hasScannedForEncodings = 0;
			knownRegions = (
				Base,
			);
			mainGroup = 286EDF831E10E6A100B6BD4D;
			productRefGroup = 286EDF8D1E10E6A200B6BD4D /* Products */;
			projectDirPath = "";
			projectRoot = "";
			targets = (
				286EDF8B1E10E6A200B6BD4D /* SinaWebo */,
				286EDF9F1E10E6A200B6BD4D /* SinaWeboTests */,
				286EDFAA1E10E6A200B6BD4D /* SinaWeboUITests */,
			);
		};
/* End PBXProject section */

/* Begin PBXResourcesBuildPhase section */
		286EDF8A1E10E6A200B6BD4D /* Resources */ = {
			isa = PBXResourcesBuildPhase;
			buildActionMask = 2147483647;
			files = (
				28CE514C1E236717004A1FD6 /* StatusRetweetedCell.xib in Resources */,
				28D190001E1CE0D6009548F1 /* NewFeatureView.xib in Resources */,
				286EDFFD1E10FF3200B6BD4D /* main.json in Resources */,
				28F54F691E3855BF006BA76C /* EmoticonCell.xib in Resources */,
				28B0D9641E27616700632BE2 /* RefreshView.xib in Resources */,
				28F54F6B1E3855BF006BA76C /* EmoticonInputView.xib in Resources */,
				28D18FBC1E1CC3D6009548F1 /* WelcomeView.xib in Resources */,
				286EDF971E10E6A200B6BD4D /* Assets.xcassets in Resources */,
				28EC39001E34A1CB002EF1CE /* ComposeTypeButton.xib in Resources */,
				28EC39021E34A1CB002EF1CE /* ComposeTypeView.xib in Resources */,
				28EC39071E34A26A002EF1CE /* ComposeViewController.xib in Resources */,
				283042361E1DF9210075F319 /* StatusNormalCell.xib in Resources */,
				2899A2181E30BBD200467D06 /* Emoticons.bundle in Resources */,
			);
			runOnlyForDeploymentPostprocessing = 0;
		};
		286EDF9E1E10E6A200B6BD4D /* Resources */ = {
			isa = PBXResourcesBuildPhase;
			buildActionMask = 2147483647;
			files = (
			);
			runOnlyForDeploymentPostprocessing = 0;
		};
		286EDFA91E10E6A200B6BD4D /* Resources */ = {
			isa = PBXResourcesBuildPhase;
			buildActionMask = 2147483647;
			files = (
			);
			runOnlyForDeploymentPostprocessing = 0;
		};
/* End PBXResourcesBuildPhase section */

/* Begin PBXShellScriptBuildPhase section */
		096CB986F56F1E2518BD8FE1 /* [CP] Copy Pods Resources */ = {
			isa = PBXShellScriptBuildPhase;
			buildActionMask = 2147483647;
			files = (
			);
			inputPaths = (
			);
			name = "[CP] Copy Pods Resources";
			outputPaths = (
			);
			runOnlyForDeploymentPostprocessing = 0;
			shellPath = /bin/sh;
			shellScript = "\"${SRCROOT}/Pods/Target Support Files/Pods-SinaWebo/Pods-SinaWebo-resources.sh\"\n";
			showEnvVarsInLog = 0;
		};
		263B9F910BA5F3AD2E788E15 /* [CP] Embed Pods Frameworks */ = {
			isa = PBXShellScriptBuildPhase;
			buildActionMask = 2147483647;
			files = (
			);
			inputPaths = (
			);
			name = "[CP] Embed Pods Frameworks";
			outputPaths = (
			);
			runOnlyForDeploymentPostprocessing = 0;
			shellPath = /bin/sh;
			shellScript = "\"${SRCROOT}/Pods/Target Support Files/Pods-SinaWebo/Pods-SinaWebo-frameworks.sh\"\n";
			showEnvVarsInLog = 0;
		};
		6B7A7812DE86D7BDCA6AF5E7 /* [CP] Check Pods Manifest.lock */ = {
			isa = PBXShellScriptBuildPhase;
			buildActionMask = 2147483647;
			files = (
			);
			inputPaths = (
			);
			name = "[CP] Check Pods Manifest.lock";
			outputPaths = (
			);
			runOnlyForDeploymentPostprocessing = 0;
			shellPath = /bin/sh;
			shellScript = "diff \"${PODS_ROOT}/../Podfile.lock\" \"${PODS_ROOT}/Manifest.lock\" > /dev/null\nif [[ $? != 0 ]] ; then\n    cat << EOM\nerror: The sandbox is not in sync with the Podfile.lock. Run 'pod install' or update your CocoaPods installation.\nEOM\n    exit 1\nfi\n";
			showEnvVarsInLog = 0;
		};
/* End PBXShellScriptBuildPhase section */

/* Begin PBXSourcesBuildPhase section */
		286EDF881E10E6A200B6BD4D /* Sources */ = {
			isa = PBXSourcesBuildPhase;
			buildActionMask = 2147483647;
			files = (
				28D18FBA1E1CA6F6009548F1 /* NewFeatureView.swift in Sources */,
				2830423C1E1E2C000075F319 /* StatusViewModel.swift in Sources */,
				28D18FAF1E1B3C62009548F1 /* OAuthViewController.swift in Sources */,
				286EDFF61E10FABE00B6BD4D /* UIColor+CZAddition.m in Sources */,
				286EDFEF1E10FABE00B6BD4D /* NSArray+Log.m in Sources */,
				286EDFCE1E10F9BA00B6BD4D /* HomeViewController.swift in Sources */,
				28A9E81D1E34514D0030124A /* TextLabel.swift in Sources */,
				286EDFF71E10FABE00B6BD4D /* UILabel+CZAddition.m in Sources */,
				28EC38FF1E34A1CB002EF1CE /* ComposeTypeButton.swift in Sources */,
				28618F721E35DAED00D3B01E /* ComposeTextView.swift in Sources */,
				2899A2151E30BBD200467D06 /* Emoticon.swift in Sources */,
				28D18FB81E1CA6DE009548F1 /* WelcomeView.swift in Sources */,
				283042C91E1FA3560075F319 /* StatusPictureView.swift in Sources */,
				28EC38F71E34946C002EF1CE /* WebViewController.swift in Sources */,
				287A532B1E135679006E9BC7 /* VisitorView.swift in Sources */,
				286EDFF01E10FABE00B6BD4D /* NSAttributedString+CZAdditon.m in Sources */,
				28F54F6D1E3855C0006BA76C /* EmoticonToolBar.swift in Sources */,
				2899A2171E30BBD200467D06 /* EmoticonPackage.swift in Sources */,
				28CE514A1E233994004A1FD6 /* Common.swift in Sources */,
				286EDFFA1E10FABE00B6BD4D /* UIViewController+CZAddition.m in Sources */,
				286EE0011E11005000B6BD4D /* Bundle+Extensions.swift in Sources */,
				286EDFF21E10FABE00B6BD4D /* NSString+CZBase64.m in Sources */,
				28CE51481E232B44004A1FD6 /* StatusPicture.swift in Sources */,
				283042831E1E47730075F319 /* UIImageView+WebImage.swift in Sources */,
				286EDFC81E10F91F00B6BD4D /* MainTabBarController.swift in Sources */,
				28D18FB21E1B5817009548F1 /* UserAccount.swift in Sources */,
				286EDFD21E10F9F100B6BD4D /* DiscoverViewController.swift in Sources */,
				286EDFCC1E10F97F00B6BD4D /* BaseViewController.swift in Sources */,
				28B0D9621E26396800632BE2 /* RefreshControl.swift in Sources */,
				2833351F1E149E04003ABD92 /* NetworkManager.swift in Sources */,
				286EDFF51E10FABE00B6BD4D /* UIButton+CZAddition.m in Sources */,
				289AC0071E484FB00094F299 /* EmoticonTextAttachment.swift in Sources */,
				286EDFF81E10FABE00B6BD4D /* UIScreen+CZAddition.m in Sources */,
				286EDFCA1E10F94900B6BD4D /* MainNavViewController.swift in Sources */,
				28EC39061E34A26A002EF1CE /* ComposeViewController.swift in Sources */,
				283335231E14F20A003ABD92 /* Status.swift in Sources */,
				286EE0021E11005000B6BD4D /* UIBarButtonItem+Extensions.swift in Sources */,
				286EDFF11E10FABE00B6BD4D /* NSObject+CZRuntime.m in Sources */,
				28F54F6A1E3855BF006BA76C /* EmoticonInputView.swift in Sources */,
				286EDFD01E10F9E600B6BD4D /* MessageViewController.swift in Sources */,
				283042851E1E4B720075F319 /* Uimage+Extention.swift in Sources */,
				2830423A1E1E27E20075F319 /* User.swift in Sources */,
				28F54F681E3855BF006BA76C /* EmoticonCell.swift in Sources */,
				283335211E14BE91003ABD92 /* NetworkManager+Extention.swift in Sources */,
				286EDFD41E10F9FE00B6BD4D /* PorfileViewController.swift in Sources */,
				283042341E1DF8D30075F319 /* StatusCell.swift in Sources */,
				283042871E1F28C10075F319 /* StatusToolBar.swift in Sources */,
				2859AFA81E2DFB0700B19F3E /* String+Extension.swift in Sources */,
				2899A2161E30BBD200467D06 /* EmoticonManager.swift in Sources */,
				286EDFF41E10FABE00B6BD4D /* NSString+CZPath.m in Sources */,
				28EC39011E34A1CB002EF1CE /* ComposeTypeView.swift in Sources */,
				283335251E151599003ABD92 /* StatusListViewModel.swift in Sources */,
				28B0D9661E27655900632BE2 /* RefreshView.swift in Sources */,
				28F54F6C1E3855C0006BA76C /* EmoticonLayout.swift in Sources */,
				286EDFF91E10FABE00B6BD4D /* UIView+CZAddition.m in Sources */,
				286EDFF31E10FABE00B6BD4D /* NSString+CZHash.m in Sources */,
				28D18FB51E1C8FD6009548F1 /* TitleButton.swift in Sources */,
				286EDF901E10E6A200B6BD4D /* AppDelegate.swift in Sources */,
			);
			runOnlyForDeploymentPostprocessing = 0;
		};
		286EDF9C1E10E6A200B6BD4D /* Sources */ = {
			isa = PBXSourcesBuildPhase;
			buildActionMask = 2147483647;
			files = (
				286EDFA51E10E6A200B6BD4D /* SinaWeboTests.swift in Sources */,
			);
			runOnlyForDeploymentPostprocessing = 0;
		};
		286EDFA71E10E6A200B6BD4D /* Sources */ = {
			isa = PBXSourcesBuildPhase;
			buildActionMask = 2147483647;
			files = (
				286EDFB01E10E6A200B6BD4D /* SinaWeboUITests.swift in Sources */,
			);
			runOnlyForDeploymentPostprocessing = 0;
		};
/* End PBXSourcesBuildPhase section */

/* Begin PBXTargetDependency section */
		286EDFA21E10E6A200B6BD4D /* PBXTargetDependency */ = {
			isa = PBXTargetDependency;
			target = 286EDF8B1E10E6A200B6BD4D /* SinaWebo */;
			targetProxy = 286EDFA11E10E6A200B6BD4D /* PBXContainerItemProxy */;
		};
		286EDFAD1E10E6A200B6BD4D /* PBXTargetDependency */ = {
			isa = PBXTargetDependency;
			target = 286EDF8B1E10E6A200B6BD4D /* SinaWebo */;
			targetProxy = 286EDFAC1E10E6A200B6BD4D /* PBXContainerItemProxy */;
		};
/* End PBXTargetDependency section */

/* Begin XCBuildConfiguration section */
		286EDFB21E10E6A200B6BD4D /* Debug */ = {
			isa = XCBuildConfiguration;
			buildSettings = {
				ALWAYS_SEARCH_USER_PATHS = NO;
				CLANG_ANALYZER_NONNULL = YES;
				CLANG_CXX_LANGUAGE_STANDARD = "gnu++0x";
				CLANG_CXX_LIBRARY = "libc++";
				CLANG_ENABLE_MODULES = YES;
				CLANG_ENABLE_OBJC_ARC = YES;
				CLANG_WARN_BOOL_CONVERSION = YES;
				CLANG_WARN_CONSTANT_CONVERSION = YES;
				CLANG_WARN_DIRECT_OBJC_ISA_USAGE = YES_ERROR;
				CLANG_WARN_DOCUMENTATION_COMMENTS = YES;
				CLANG_WARN_EMPTY_BODY = YES;
				CLANG_WARN_ENUM_CONVERSION = YES;
				CLANG_WARN_INFINITE_RECURSION = YES;
				CLANG_WARN_INT_CONVERSION = YES;
				CLANG_WARN_OBJC_ROOT_CLASS = YES_ERROR;
				CLANG_WARN_SUSPICIOUS_MOVE = YES;
				CLANG_WARN_SUSPICIOUS_MOVES = YES;
				CLANG_WARN_UNREACHABLE_CODE = YES;
				CLANG_WARN__DUPLICATE_METHOD_MATCH = YES;
				"CODE_SIGN_IDENTITY[sdk=iphoneos*]" = "iPhone Developer";
				COPY_PHASE_STRIP = NO;
				DEBUG_INFORMATION_FORMAT = dwarf;
				ENABLE_STRICT_OBJC_MSGSEND = YES;
				ENABLE_TESTABILITY = YES;
				GCC_C_LANGUAGE_STANDARD = gnu99;
				GCC_DYNAMIC_NO_PIC = NO;
				GCC_NO_COMMON_BLOCKS = YES;
				GCC_OPTIMIZATION_LEVEL = 0;
				GCC_PREPROCESSOR_DEFINITIONS = (
					"DEBUG=1",
					"$(inherited)",
				);
				GCC_WARN_64_TO_32_BIT_CONVERSION = YES;
				GCC_WARN_ABOUT_RETURN_TYPE = YES_ERROR;
				GCC_WARN_UNDECLARED_SELECTOR = YES;
				GCC_WARN_UNINITIALIZED_AUTOS = YES_AGGRESSIVE;
				GCC_WARN_UNUSED_FUNCTION = YES;
				GCC_WARN_UNUSED_VARIABLE = YES;
				IPHONEOS_DEPLOYMENT_TARGET = 10.0;
				MTL_ENABLE_DEBUG_INFO = YES;
				ONLY_ACTIVE_ARCH = YES;
				SDKROOT = iphoneos;
				SWIFT_ACTIVE_COMPILATION_CONDITIONS = DEBUG;
				SWIFT_OPTIMIZATION_LEVEL = "-Onone";
				TARGETED_DEVICE_FAMILY = "1,2";
			};
			name = Debug;
		};
		286EDFB31E10E6A200B6BD4D /* Release */ = {
			isa = XCBuildConfiguration;
			buildSettings = {
				ALWAYS_SEARCH_USER_PATHS = NO;
				CLANG_ANALYZER_NONNULL = YES;
				CLANG_CXX_LANGUAGE_STANDARD = "gnu++0x";
				CLANG_CXX_LIBRARY = "libc++";
				CLANG_ENABLE_MODULES = YES;
				CLANG_ENABLE_OBJC_ARC = YES;
				CLANG_WARN_BOOL_CONVERSION = YES;
				CLANG_WARN_CONSTANT_CONVERSION = YES;
				CLANG_WARN_DIRECT_OBJC_ISA_USAGE = YES_ERROR;
				CLANG_WARN_DOCUMENTATION_COMMENTS = YES;
				CLANG_WARN_EMPTY_BODY = YES;
				CLANG_WARN_ENUM_CONVERSION = YES;
				CLANG_WARN_INFINITE_RECURSION = YES;
				CLANG_WARN_INT_CONVERSION = YES;
				CLANG_WARN_OBJC_ROOT_CLASS = YES_ERROR;
				CLANG_WARN_SUSPICIOUS_MOVE = YES;
				CLANG_WARN_SUSPICIOUS_MOVES = YES;
				CLANG_WARN_UNREACHABLE_CODE = YES;
				CLANG_WARN__DUPLICATE_METHOD_MATCH = YES;
				"CODE_SIGN_IDENTITY[sdk=iphoneos*]" = "iPhone Developer";
				COPY_PHASE_STRIP = NO;
				DEBUG_INFORMATION_FORMAT = "dwarf-with-dsym";
				ENABLE_NS_ASSERTIONS = NO;
				ENABLE_STRICT_OBJC_MSGSEND = YES;
				GCC_C_LANGUAGE_STANDARD = gnu99;
				GCC_NO_COMMON_BLOCKS = YES;
				GCC_WARN_64_TO_32_BIT_CONVERSION = YES;
				GCC_WARN_ABOUT_RETURN_TYPE = YES_ERROR;
				GCC_WARN_UNDECLARED_SELECTOR = YES;
				GCC_WARN_UNINITIALIZED_AUTOS = YES_AGGRESSIVE;
				GCC_WARN_UNUSED_FUNCTION = YES;
				GCC_WARN_UNUSED_VARIABLE = YES;
				IPHONEOS_DEPLOYMENT_TARGET = 10.0;
				MTL_ENABLE_DEBUG_INFO = NO;
				SDKROOT = iphoneos;
				SWIFT_OPTIMIZATION_LEVEL = "-Owholemodule";
				TARGETED_DEVICE_FAMILY = "1,2";
				VALIDATE_PRODUCT = YES;
			};
			name = Release;
		};
		286EDFB51E10E6A200B6BD4D /* Debug */ = {
			isa = XCBuildConfiguration;
			baseConfigurationReference = 34EDEA84CC70A9D1A99BEE9F /* Pods-SinaWebo.debug.xcconfig */;
			buildSettings = {
				ASSETCATALOG_COMPILER_APPICON_NAME = AppIcon;
				ASSETCATALOG_COMPILER_LAUNCHIMAGE_NAME = LaunchImage;
				DEVELOPMENT_TEAM = Q4KADKZ3FA;
				INFOPLIST_FILE = SinaWebo/Info.plist;
				IPHONEOS_DEPLOYMENT_TARGET = 8.0;
				LD_RUNPATH_SEARCH_PATHS = "$(inherited) @executable_path/Frameworks";
				PRODUCT_BUNDLE_IDENTIFIER = com.Chatlink.SinaWebo;
				PRODUCT_NAME = "$(TARGET_NAME)";
				SWIFT_OBJC_BRIDGING_HEADER = "SinaWebo/Webo-Bridge.h";
				SWIFT_VERSION = 3.0;
				TARGETED_DEVICE_FAMILY = 1;
			};
			name = Debug;
		};
		286EDFB61E10E6A200B6BD4D /* Release */ = {
			isa = XCBuildConfiguration;
			baseConfigurationReference = 6C17BA3DE1E89925BD22EB12 /* Pods-SinaWebo.release.xcconfig */;
			buildSettings = {
				ASSETCATALOG_COMPILER_APPICON_NAME = AppIcon;
				ASSETCATALOG_COMPILER_LAUNCHIMAGE_NAME = LaunchImage;
				DEVELOPMENT_TEAM = Q4KADKZ3FA;
				INFOPLIST_FILE = SinaWebo/Info.plist;
				IPHONEOS_DEPLOYMENT_TARGET = 8.0;
				LD_RUNPATH_SEARCH_PATHS = "$(inherited) @executable_path/Frameworks";
				PRODUCT_BUNDLE_IDENTIFIER = com.Chatlink.SinaWebo;
				PRODUCT_NAME = "$(TARGET_NAME)";
				SWIFT_OBJC_BRIDGING_HEADER = "SinaWebo/Webo-Bridge.h";
				SWIFT_VERSION = 3.0;
				TARGETED_DEVICE_FAMILY = 1;
			};
			name = Release;
		};
		286EDFB81E10E6A200B6BD4D /* Debug */ = {
			isa = XCBuildConfiguration;
			buildSettings = {
				ALWAYS_EMBED_SWIFT_STANDARD_LIBRARIES = YES;
				BUNDLE_LOADER = "$(TEST_HOST)";
				INFOPLIST_FILE = SinaWeboTests/Info.plist;
				LD_RUNPATH_SEARCH_PATHS = "$(inherited) @executable_path/Frameworks @loader_path/Frameworks";
				PRODUCT_BUNDLE_IDENTIFIER = com.Chatlink.SinaWeboTests;
				PRODUCT_NAME = "$(TARGET_NAME)";
				SWIFT_VERSION = 3.0;
				TEST_HOST = "$(BUILT_PRODUCTS_DIR)/SinaWebo.app/SinaWebo";
			};
			name = Debug;
		};
		286EDFB91E10E6A200B6BD4D /* Release */ = {
			isa = XCBuildConfiguration;
			buildSettings = {
				ALWAYS_EMBED_SWIFT_STANDARD_LIBRARIES = YES;
				BUNDLE_LOADER = "$(TEST_HOST)";
				INFOPLIST_FILE = SinaWeboTests/Info.plist;
				LD_RUNPATH_SEARCH_PATHS = "$(inherited) @executable_path/Frameworks @loader_path/Frameworks";
				PRODUCT_BUNDLE_IDENTIFIER = com.Chatlink.SinaWeboTests;
				PRODUCT_NAME = "$(TARGET_NAME)";
				SWIFT_VERSION = 3.0;
				TEST_HOST = "$(BUILT_PRODUCTS_DIR)/SinaWebo.app/SinaWebo";
			};
			name = Release;
		};
		286EDFBB1E10E6A200B6BD4D /* Debug */ = {
			isa = XCBuildConfiguration;
			buildSettings = {
				ALWAYS_EMBED_SWIFT_STANDARD_LIBRARIES = YES;
				INFOPLIST_FILE = SinaWeboUITests/Info.plist;
				LD_RUNPATH_SEARCH_PATHS = "$(inherited) @executable_path/Frameworks @loader_path/Frameworks";
				PRODUCT_BUNDLE_IDENTIFIER = com.Chatlink.SinaWeboUITests;
				PRODUCT_NAME = "$(TARGET_NAME)";
				SWIFT_VERSION = 3.0;
				TEST_TARGET_NAME = SinaWebo;
			};
			name = Debug;
		};
		286EDFBC1E10E6A200B6BD4D /* Release */ = {
			isa = XCBuildConfiguration;
			buildSettings = {
				ALWAYS_EMBED_SWIFT_STANDARD_LIBRARIES = YES;
				INFOPLIST_FILE = SinaWeboUITests/Info.plist;
				LD_RUNPATH_SEARCH_PATHS = "$(inherited) @executable_path/Frameworks @loader_path/Frameworks";
				PRODUCT_BUNDLE_IDENTIFIER = com.Chatlink.SinaWeboUITests;
				PRODUCT_NAME = "$(TARGET_NAME)";
				SWIFT_VERSION = 3.0;
				TEST_TARGET_NAME = SinaWebo;
			};
			name = Release;
		};
/* End XCBuildConfiguration section */

/* Begin XCConfigurationList section */
		286EDF871E10E6A100B6BD4D /* Build configuration list for PBXProject "SinaWebo" */ = {
			isa = XCConfigurationList;
			buildConfigurations = (
				286EDFB21E10E6A200B6BD4D /* Debug */,
				286EDFB31E10E6A200B6BD4D /* Release */,
			);
			defaultConfigurationIsVisible = 0;
			defaultConfigurationName = Release;
		};
		286EDFB41E10E6A200B6BD4D /* Build configuration list for PBXNativeTarget "SinaWebo" */ = {
			isa = XCConfigurationList;
			buildConfigurations = (
				286EDFB51E10E6A200B6BD4D /* Debug */,
				286EDFB61E10E6A200B6BD4D /* Release */,
			);
			defaultConfigurationIsVisible = 0;
			defaultConfigurationName = Release;
		};
		286EDFB71E10E6A200B6BD4D /* Build configuration list for PBXNativeTarget "SinaWeboTests" */ = {
			isa = XCConfigurationList;
			buildConfigurations = (
				286EDFB81E10E6A200B6BD4D /* Debug */,
				286EDFB91E10E6A200B6BD4D /* Release */,
			);
			defaultConfigurationIsVisible = 0;
			defaultConfigurationName = Release;
		};
		286EDFBA1E10E6A200B6BD4D /* Build configuration list for PBXNativeTarget "SinaWeboUITests" */ = {
			isa = XCConfigurationList;
			buildConfigurations = (
				286EDFBB1E10E6A200B6BD4D /* Debug */,
				286EDFBC1E10E6A200B6BD4D /* Release */,
			);
			defaultConfigurationIsVisible = 0;
			defaultConfigurationName = Release;
		};
/* End XCConfigurationList section */
	};
	rootObject = 286EDF841E10E6A100B6BD4D /* Project object */;
}
